PODS:
  - SnapKit (5.6.0)
  - SugarKit (0.1.1):
    - SugarKit/Sugar (= 0.1.1)
  - SugarKit/Sugar (0.1.1)

DEPENDENCIES:
  - SnapKit
  - SugarKit (from `../`)

SPEC REPOS:
  trunk:
    - SnapKit

EXTERNAL SOURCES:
  SugarKit:
    :path: "../"

SPEC CHECKSUMS:
  SnapKit: e01d52ebb8ddbc333eefe2132acf85c8227d9c25
  SugarKit: 803751aaa48c436e7936127018389b989442ce87

PODFILE CHECKSUM: a905488bd7c4aae96e50e0d5e48de0fffa3c5ccf

COCOAPODS: 1.12.1
